<?xml version="1.0" encoding="utf-8"?>
<Project ToolsVersion="4.0" xmlns="http://schemas.microsoft.com/developer/msbuild/2003">
  <ItemGroup>
    <Filter Include="Source Files">
      <UniqueIdentifier>{4FC737F1-C7A5-4376-A066-2A32D752A2FF}</UniqueIdentifier>
      <Extensions>cpp;c;cc;cxx;def;odl;idl;hpj;bat;asm;asmx</Extensions>
    </Filter>
    <Filter Include="Header Files">
      <UniqueIdentifier>{93995380-89BD-4b04-88EB-625FBE52EBFB}</UniqueIdentifier>
      <Extensions>h;hh;hpp;hxx;hm;inl;inc;xsd</Extensions>
    </Filter>
    <Filter Include="Resource Files">
      <UniqueIdentifier>{67DA6AB6-F800-4c08-8B7A-83BB121AAD01}</UniqueIdentifier>
      <Extensions>rc;ico;cur;bmp;dlg;rc2;rct;bin;rgs;gif;jpg;jpeg;jpe;resx;tiff;tif;png;wav;mfcribbon-ms</Extensions>
    </Filter>
    <Filter Include="Source Files\Lua">
      <UniqueIdentifier>{142d68cc-de06-4b09-8bb2-4e3e4efcf5c0}</UniqueIdentifier>
    </Filter>
    <Filter Include="Source Files\toLua">
      <UniqueIdentifier>{001f6d0f-e504-475f-b175-3516906ea5be}</UniqueIdentifier>
    </Filter>
    <Filter Include="Resource Files\Help">
      <UniqueIdentifier>{a5520aa8-e9d2-4a8f-8155-5c0dba52c68a}</UniqueIdentifier>
    </Filter>
  </ItemGroup>
  <ItemGroup>
    <ClCompile Include="main.cpp">
      <Filter>Source Files</Filter>
    </ClCompile>
    <ClCompile Include="LUA\lapi.c">
      <Filter>Source Files\Lua</Filter>
    </ClCompile>
    <ClCompile Include="LUA\lauxlib.c">
      <Filter>Source Files\Lua</Filter>
    </ClCompile>
    <ClCompile Include="LUA\lbaselib.c">
      <Filter>Source Files\Lua</Filter>
    </ClCompile>
    <ClCompile Include="LUA\lbitlib.c">
      <Filter>Source Files\Lua</Filter>
    </ClCompile>
    <ClCompile Include="LUA\lcode.c">
      <Filter>Source Files\Lua</Filter>
    </ClCompile>
    <ClCompile Include="LUA\lcorolib.c">
      <Filter>Source Files\Lua</Filter>
    </ClCompile>
    <ClCompile Include="LUA\lctype.c">
      <Filter>Source Files\Lua</Filter>
    </ClCompile>
    <ClCompile Include="LUA\ldblib.c">
      <Filter>Source Files\Lua</Filter>
    </ClCompile>
    <ClCompile Include="LUA\ldebug.c">
      <Filter>Source Files\Lua</Filter>
    </ClCompile>
    <ClCompile Include="LUA\ldo.c">
      <Filter>Source Files\Lua</Filter>
    </ClCompile>
    <ClCompile Include="LUA\ldump.c">
      <Filter>Source Files\Lua</Filter>
    </ClCompile>
    <ClCompile Include="LUA\lfunc.c">
      <Filter>Source Files\Lua</Filter>
    </ClCompile>
    <ClCompile Include="LUA\lgc.c">
      <Filter>Source Files\Lua</Filter>
    </ClCompile>
    <ClCompile Include="LUA\linit.c">
      <Filter>Source Files\Lua</Filter>
    </ClCompile>
    <ClCompile Include="LUA\liolib.c">
      <Filter>Source Files\Lua</Filter>
    </ClCompile>
    <ClCompile Include="LUA\llex.c">
      <Filter>Source Files\Lua</Filter>
    </ClCompile>
    <ClCompile Include="LUA\lmathlib.c">
      <Filter>Source Files\Lua</Filter>
    </ClCompile>
    <ClCompile Include="LUA\lmem.c">
      <Filter>Source Files\Lua</Filter>
    </ClCompile>
    <ClCompile Include="LUA\loadlib.c">
      <Filter>Source Files\Lua</Filter>
    </ClCompile>
    <ClCompile Include="LUA\lobject.c">
      <Filter>Source Files\Lua</Filter>
    </ClCompile>
    <ClCompile Include="LUA\lopcodes.c">
      <Filter>Source Files\Lua</Filter>
    </ClCompile>
    <ClCompile Include="LUA\loslib.c">
      <Filter>Source Files\Lua</Filter>
    </ClCompile>
    <ClCompile Include="LUA\lparser.c">
      <Filter>Source Files\Lua</Filter>
    </ClCompile>
    <ClCompile Include="LUA\lstate.c">
      <Filter>Source Files\Lua</Filter>
    </ClCompile>
    <ClCompile Include="LUA\lstring.c">
      <Filter>Source Files\Lua</Filter>
    </ClCompile>
    <ClCompile Include="LUA\lstrlib.c">
      <Filter>Source Files\Lua</Filter>
    </ClCompile>
    <ClCompile Include="LUA\ltable.c">
      <Filter>Source Files\Lua</Filter>
    </ClCompile>
    <ClCompile Include="LUA\ltablib.c">
      <Filter>Source Files\Lua</Filter>
    </ClCompile>
    <ClCompile Include="LUA\ltm.c">
      <Filter>Source Files\Lua</Filter>
    </ClCompile>
    <ClCompile Include="LUA\lundump.c">
      <Filter>Source Files\Lua</Filter>
    </ClCompile>
    <ClCompile Include="LUA\lvm.c">
      <Filter>Source Files\Lua</Filter>
    </ClCompile>
    <ClCompile Include="LUA\lzio.c">
      <Filter>Source Files\Lua</Filter>
    </ClCompile>
    <ClCompile Include="toLUA\tolua_event.c">
      <Filter>Source Files\toLua</Filter>
    </ClCompile>
    <ClCompile Include="toLUA\tolua_is.c">
      <Filter>Source Files\toLua</Filter>
    </ClCompile>
    <ClCompile Include="toLUA\tolua_map.c">
      <Filter>Source Files\toLua</Filter>
    </ClCompile>
    <ClCompile Include="toLUA\tolua_push.c">
      <Filter>Source Files\toLua</Filter>
    </ClCompile>
    <ClCompile Include="toLUA\tolua_to.c">
      <Filter>Source Files\toLua</Filter>
    </ClCompile>
    <ClCompile Include="natives_module.cpp">
      <Filter>Source Files</Filter>
    </ClCompile>
    <ClCompile Include="LuaPlugin.cpp">
      <Filter>Source Files</Filter>
    </ClCompile>
  </ItemGroup>
  <ItemGroup>
    <ClInclude Include="Singleton.h">
      <Filter>Header Files</Filter>
    </ClInclude>
    <ClInclude Include="LUA\lapi.h">
      <Filter>Source Files\Lua</Filter>
    </ClInclude>
    <ClInclude Include="LUA\lauxlib.h">
      <Filter>Source Files\Lua</Filter>
    </ClInclude>
    <ClInclude Include="LUA\lcode.h">
      <Filter>Source Files\Lua</Filter>
    </ClInclude>
    <ClInclude Include="LUA\lctype.h">
      <Filter>Source Files\Lua</Filter>
    </ClInclude>
    <ClInclude Include="LUA\ldebug.h">
      <Filter>Source Files\Lua</Filter>
    </ClInclude>
    <ClInclude Include="LUA\ldo.h">
      <Filter>Source Files\Lua</Filter>
    </ClInclude>
    <ClInclude Include="LUA\lfunc.h">
      <Filter>Source Files\Lua</Filter>
    </ClInclude>
    <ClInclude Include="LUA\lgc.h">
      <Filter>Source Files\Lua</Filter>
    </ClInclude>
    <ClInclude Include="LUA\llex.h">
      <Filter>Source Files\Lua</Filter>
    </ClInclude>
    <ClInclude Include="LUA\llimits.h">
      <Filter>Source Files\Lua</Filter>
    </ClInclude>
    <ClInclude Include="LUA\lmem.h">
      <Filter>Source Files\Lua</Filter>
    </ClInclude>
    <ClInclude Include="LUA\lobject.h">
      <Filter>Source Files\Lua</Filter>
    </ClInclude>
    <ClInclude Include="LUA\lopcodes.h">
      <Filter>Source Files\Lua</Filter>
    </ClInclude>
    <ClInclude Include="LUA\lparser.h">
      <Filter>Source Files\Lua</Filter>
    </ClInclude>
    <ClInclude Include="LUA\lstate.h">
      <Filter>Source Files\Lua</Filter>
    </ClInclude>
    <ClInclude Include="LUA\lstring.h">
      <Filter>Source Files\Lua</Filter>
    </ClInclude>
    <ClInclude Include="LUA\ltable.h">
      <Filter>Source Files\Lua</Filter>
    </ClInclude>
    <ClInclude Include="LUA\ltm.h">
      <Filter>Source Files\Lua</Filter>
    </ClInclude>
    <ClInclude Include="LUA\lua.h">
      <Filter>Source Files\Lua</Filter>
    </ClInclude>
    <ClInclude Include="LUA\lua.hpp">
      <Filter>Source Files\Lua</Filter>
    </ClInclude>
    <ClInclude Include="LUA\luaconf.h">
      <Filter>Source Files\Lua</Filter>
    </ClInclude>
    <ClInclude Include="LUA\lualib.h">
      <Filter>Source Files\Lua</Filter>
    </ClInclude>
    <ClInclude Include="LUA\lundump.h">
      <Filter>Source Files\Lua</Filter>
    </ClInclude>
    <ClInclude Include="LUA\lvm.h">
      <Filter>Source Files\Lua</Filter>
    </ClInclude>
    <ClInclude Include="LUA\lzio.h">
      <Filter>Source Files\Lua</Filter>
    </ClInclude>
    <ClInclude Include="toLUA\tolua.h">
      <Filter>Source Files\toLua</Filter>
    </ClInclude>
    <ClInclude Include="toLUA\tolua_event.h">
      <Filter>Source Files\toLua</Filter>
    </ClInclude>
    <ClInclude Include="natives_module.h">
      <Filter>Source Files</Filter>
    </ClInclude>
    <ClInclude Include="..\inc\enums.h">
      <Filter>Header Files</Filter>
    </ClInclude>
    <ClInclude Include="..\inc\main.h">
      <Filter>Header Files</Filter>
    </ClInclude>
    <ClInclude Include="..\inc\nativeCaller.h">
      <Filter>Header Files</Filter>
    </ClInclude>
    <ClInclude Include="..\inc\natives.h">
      <Filter>Header Files</Filter>
    </ClInclude>
    <ClInclude Include="..\inc\types.h">
      <Filter>Header Files</Filter>
    </ClInclude>
    <ClInclude Include="LuaPlugin.h">
      <Filter>Header Files</Filter>
    </ClInclude>
  </ItemGroup>
  <ItemGroup>
    <Text Include="Arrays.txt">
      <Filter>Resource Files\Help</Filter>
    </Text>
  </ItemGroup>
</Project>